{
  "name": "xtrend-monorepo",
  "version": "1.0.0",
  "lockfileVersion": 2,
  "requires": true,
  "packages": {
    "": {
      "name": "xtrend-monorepo",
      "version": "1.0.0",
      "hasInstallScript": true,
      "license": "ISC",
      "dependencies": {
        "esbuild": "0.17.19",
        "lilconfig": "2.1.0",
        "whatwg-url": "14.2.0",
        "tr46": "5.1.1",
        "webidl-conversions": "7.0.0"
      }
    }
  }
}
